
Microsoft Visual Studio Solution File, Format Version 12.00
# Visual Studio 15
VisualStudioVersion = 15.0.27004.2006
MinimumVisualStudioVersion = 10.0.40219.1
Project("{FAE04EC0-301F-11D3-BF4B-00C04F79EFBC}") = "textr", "textr.csproj", "{59FEE518-C2A5-4215-A006-36F4E7AB8D3C}"
EndProject
Project("{FAE04EC0-301F-11D3-BF4B-00C04F79EFBC}") = "emanuelib", "emanuelib\emanuelib.csproj", "{DF629AD0-B470-4719-9B3A-48F8AF8458F6}"
EndProject
Project("{FAE04EC0-301F-11D3-BF4B-00C04F79EFBC}") = "JiraHelper", "JiraHelper\JiraHelper.csproj", "{D1EFF96F-3AF0-49B6-92AB-AB6483AFBF16}"
EndProject
Project("{FAE04EC0-301F-11D3-BF4B-00C04F79EFBC}") = "textrTests", "textrTests\textrTests.csproj", "{68D87560-74B2-4845-BE78-187FFBB4605C}"
EndProject
Global
	GlobalSection(SolutionConfigurationPlatforms) = preSolution
		Debug|Any CPU = Debug|Any CPU
		Release|Any CPU = Release|Any CPU
	EndGlobalSection
	GlobalSection(ProjectConfigurationPlatforms) = postSolution
		{59FEE518-C2A5-4215-A006-36F4E7AB8D3C}.Debug|Any CPU.ActiveCfg = Debug|Any CPU
		{59FEE518-C2A5-4215-A006-36F4E7AB8D3C}.Debug|Any CPU.Build.0 = Debug|Any CPU
		{59FEE518-C2A5-4215-A006-36F4E7AB8D3C}.Release|Any CPU.ActiveCfg = Release|Any CPU
		{59FEE518-C2A5-4215-A006-36F4E7AB8D3C}.Release|Any CPU.Build.0 = Release|Any CPU
		{DF629AD0-B470-4719-9B3A-48F8AF8458F6}.Debug|Any CPU.ActiveCfg = Debug|Any CPU
		{DF629AD0-B470-4719-9B3A-48F8AF8458F6}.Debug|Any CPU.Build.0 = Debug|Any CPU
		{DF629AD0-B470-4719-9B3A-48F8AF8458F6}.Release|Any CPU.ActiveCfg = Release|Any CPU
		{DF629AD0-B470-4719-9B3A-48F8AF8458F6}.Release|Any CPU.Build.0 = Release|Any CPU
		{D1EFF96F-3AF0-49B6-92AB-AB6483AFBF16}.Debug|Any CPU.ActiveCfg = Debug|Any CPU
		{D1EFF96F-3AF0-49B6-92AB-AB6483AFBF16}.Debug|Any CPU.Build.0 = Debug|Any CPU
		{D1EFF96F-3AF0-49B6-92AB-AB6483AFBF16}.Release|Any CPU.ActiveCfg = Release|Any CPU
		{D1EFF96F-3AF0-49B6-92AB-AB6483AFBF16}.Release|Any CPU.Build.0 = Release|Any CPU
		{68D87560-74B2-4845-BE78-187FFBB4605C}.Debug|Any CPU.ActiveCfg = Debug|Any CPU
		{68D87560-74B2-4845-BE78-187FFBB4605C}.Debug|Any CPU.Build.0 = Debug|Any CPU
		{68D87560-74B2-4845-BE78-187FFBB4605C}.Release|Any CPU.ActiveCfg = Release|Any CPU
		{68D87560-74B2-4845-BE78-187FFBB4605C}.Release|Any CPU.Build.0 = Release|Any CPU
	EndGlobalSection
	GlobalSection(SolutionProperties) = preSolution
		HideSolutionNode = FALSE
	EndGlobalSection
	GlobalSection(ExtensibilityGlobals) = postSolution
		SolutionGuid = {0700217B-33B6-4DAF-B5D2-B326AC1C0A6A}
	EndGlobalSection
EndGlobal
